
Microsoft Visual Studio Solution File, Format Version 12.00
# Visual Studio 15
Project("{FAE04EC0-301F-11D3-BF4B-00C04F79EFBC}") = "Assembly-CSharp", "Assembly-CSharp.csproj", "{607DAFA1-C0ED-8685-6647-77EC65995A69}"
EndProject
Project("{FAE04EC0-301F-11D3-BF4B-00C04F79EFBC}") = "spine-unity-examples", "spine-unity-examples.csproj", "{6E4D760F-51AE-A3B8-133D-85B419CADDCB}"
EndProject
Project("{FAE04EC0-301F-11D3-BF4B-00C04F79EFBC}") = "spine-unity", "spine-unity.csproj", "{4775CFA5-54A0-E807-7632-34964EED3F84}"
EndProject
Project("{FAE04EC0-301F-11D3-BF4B-00C04F79EFBC}") = "ToonyColorsPro2.Demo", "ToonyColorsPro2.Demo.csproj", "{1BB0BA48-1753-0C53-BBB5-61FB8A827BB4}"
EndProject
Project("{FAE04EC0-301F-11D3-BF4B-00C04F79EFBC}") = "spine-csharp", "spine-csharp.csproj", "{C9A877CB-A664-81FE-ADCD-89B953456865}"
EndProject
Project("{FAE04EC0-301F-11D3-BF4B-00C04F79EFBC}") = "ToonyColorsPro.Runtime", "ToonyColorsPro.Runtime.csproj", "{94D4F84F-B6AF-9C95-FC02-7386B8F95CDB}"
EndProject
Project("{FAE04EC0-301F-11D3-BF4B-00C04F79EFBC}") = "RuntimeTestAssembly", "RuntimeTestAssembly.csproj", "{BF6FDEC3-F405-065E-C75A-F1A9704EE3F0}"
EndProject
Project("{FAE04EC0-301F-11D3-BF4B-00C04F79EFBC}") = "NonConvexCollider", "NonConvexCollider.csproj", "{B7104A85-4FD2-4B1D-29F1-1FB947FAE070}"
EndProject
Project("{FAE04EC0-301F-11D3-BF4B-00C04F79EFBC}") = "Wx", "Wx.csproj", "{843FB136-4012-102F-7A11-1E5B304929B2}"
EndProject
Project("{FAE04EC0-301F-11D3-BF4B-00C04F79EFBC}") = "KinoBloom.Runtime", "KinoBloom.Runtime.csproj", "{48944519-8075-3C69-75D1-20A362397570}"
EndProject
Project("{FAE04EC0-301F-11D3-BF4B-00C04F79EFBC}") = "NonConvexColliderRuntimeAPI", "NonConvexColliderRuntimeAPI.csproj", "{95B90807-1188-D276-339C-417DB46541D9}"
EndProject
Project("{FAE04EC0-301F-11D3-BF4B-00C04F79EFBC}") = "ToonyColorsPro.Editor", "ToonyColorsPro.Editor.csproj", "{90884AB5-E4E2-E06A-F738-0B4A063B6F6F}"
EndProject
Project("{FAE04EC0-301F-11D3-BF4B-00C04F79EFBC}") = "WxEditor", "WxEditor.csproj", "{8A89E1F9-ECB3-76FD-0FD8-A4F0E0582D28}"
EndProject
Project("{FAE04EC0-301F-11D3-BF4B-00C04F79EFBC}") = "spine-unity-editor", "spine-unity-editor.csproj", "{F69EB156-D2DE-C067-DCC3-9B567A3596F6}"
EndProject
Project("{FAE04EC0-301F-11D3-BF4B-00C04F79EFBC}") = "Assembly-CSharp-Editor", "Assembly-CSharp-Editor.csproj", "{FBC386A0-261C-47F0-8B7E-BBB7C9089F69}"
EndProject
Project("{FAE04EC0-301F-11D3-BF4B-00C04F79EFBC}") = "NonConvexEditor", "NonConvexEditor.csproj", "{875246F3-89EF-F901-D7B6-B0D9EA6847DB}"
EndProject
Project("{FAE04EC0-301F-11D3-BF4B-00C04F79EFBC}") = "spine-unity-examples-editor", "spine-unity-examples-editor.csproj", "{57CC7556-64EB-2C88-38FD-A55125A15856}"
EndProject
Project("{FAE04EC0-301F-11D3-BF4B-00C04F79EFBC}") = "ToonyColorsPro.Demo.Editor", "ToonyColorsPro.Demo.Editor.csproj", "{796B8E93-EB14-813E-375A-49CA95C5980F}"
EndProject
Global
	GlobalSection(SolutionConfigurationPlatforms) = preSolution
		Debug|Any CPU = Debug|Any CPU
		Release|Any CPU = Release|Any CPU
	EndGlobalSection
	GlobalSection(ProjectConfigurationPlatforms) = postSolution
		{607DAFA1-C0ED-8685-6647-77EC65995A69}.Debug|Any CPU.ActiveCfg = Debug|Any CPU
		{607DAFA1-C0ED-8685-6647-77EC65995A69}.Debug|Any CPU.Build.0 = Debug|Any CPU
		{607DAFA1-C0ED-8685-6647-77EC65995A69}.Release|Any CPU.ActiveCfg = Release|Any CPU
		{607DAFA1-C0ED-8685-6647-77EC65995A69}.Release|Any CPU.Build.0 = Release|Any CPU
		{6E4D760F-51AE-A3B8-133D-85B419CADDCB}.Debug|Any CPU.ActiveCfg = Debug|Any CPU
		{6E4D760F-51AE-A3B8-133D-85B419CADDCB}.Debug|Any CPU.Build.0 = Debug|Any CPU
		{6E4D760F-51AE-A3B8-133D-85B419CADDCB}.Release|Any CPU.ActiveCfg = Release|Any CPU
		{6E4D760F-51AE-A3B8-133D-85B419CADDCB}.Release|Any CPU.Build.0 = Release|Any CPU
		{4775CFA5-54A0-E807-7632-34964EED3F84}.Debug|Any CPU.ActiveCfg = Debug|Any CPU
		{4775CFA5-54A0-E807-7632-34964EED3F84}.Debug|Any CPU.Build.0 = Debug|Any CPU
		{4775CFA5-54A0-E807-7632-34964EED3F84}.Release|Any CPU.ActiveCfg = Release|Any CPU
		{4775CFA5-54A0-E807-7632-34964EED3F84}.Release|Any CPU.Build.0 = Release|Any CPU
		{1BB0BA48-1753-0C53-BBB5-61FB8A827BB4}.Debug|Any CPU.ActiveCfg = Debug|Any CPU
		{1BB0BA48-1753-0C53-BBB5-61FB8A827BB4}.Debug|Any CPU.Build.0 = Debug|Any CPU
		{1BB0BA48-1753-0C53-BBB5-61FB8A827BB4}.Release|Any CPU.ActiveCfg = Release|Any CPU
		{1BB0BA48-1753-0C53-BBB5-61FB8A827BB4}.Release|Any CPU.Build.0 = Release|Any CPU
		{C9A877CB-A664-81FE-ADCD-89B953456865}.Debug|Any CPU.ActiveCfg = Debug|Any CPU
		{C9A877CB-A664-81FE-ADCD-89B953456865}.Debug|Any CPU.Build.0 = Debug|Any CPU
		{C9A877CB-A664-81FE-ADCD-89B953456865}.Release|Any CPU.ActiveCfg = Release|Any CPU
		{C9A877CB-A664-81FE-ADCD-89B953456865}.Release|Any CPU.Build.0 = Release|Any CPU
		{94D4F84F-B6AF-9C95-FC02-7386B8F95CDB}.Debug|Any CPU.ActiveCfg = Debug|Any CPU
		{94D4F84F-B6AF-9C95-FC02-7386B8F95CDB}.Debug|Any CPU.Build.0 = Debug|Any CPU
		{94D4F84F-B6AF-9C95-FC02-7386B8F95CDB}.Release|Any CPU.ActiveCfg = Release|Any CPU
		{94D4F84F-B6AF-9C95-FC02-7386B8F95CDB}.Release|Any CPU.Build.0 = Release|Any CPU
		{BF6FDEC3-F405-065E-C75A-F1A9704EE3F0}.Debug|Any CPU.ActiveCfg = Debug|Any CPU
		{BF6FDEC3-F405-065E-C75A-F1A9704EE3F0}.Debug|Any CPU.Build.0 = Debug|Any CPU
		{BF6FDEC3-F405-065E-C75A-F1A9704EE3F0}.Release|Any CPU.ActiveCfg = Release|Any CPU
		{BF6FDEC3-F405-065E-C75A-F1A9704EE3F0}.Release|Any CPU.Build.0 = Release|Any CPU
		{B7104A85-4FD2-4B1D-29F1-1FB947FAE070}.Debug|Any CPU.ActiveCfg = Debug|Any CPU
		{B7104A85-4FD2-4B1D-29F1-1FB947FAE070}.Debug|Any CPU.Build.0 = Debug|Any CPU
		{B7104A85-4FD2-4B1D-29F1-1FB947FAE070}.Release|Any CPU.ActiveCfg = Release|Any CPU
		{B7104A85-4FD2-4B1D-29F1-1FB947FAE070}.Release|Any CPU.Build.0 = Release|Any CPU
		{843FB136-4012-102F-7A11-1E5B304929B2}.Debug|Any CPU.ActiveCfg = Debug|Any CPU
		{843FB136-4012-102F-7A11-1E5B304929B2}.Debug|Any CPU.Build.0 = Debug|Any CPU
		{843FB136-4012-102F-7A11-1E5B304929B2}.Release|Any CPU.ActiveCfg = Release|Any CPU
		{843FB136-4012-102F-7A11-1E5B304929B2}.Release|Any CPU.Build.0 = Release|Any CPU
		{48944519-8075-3C69-75D1-20A362397570}.Debug|Any CPU.ActiveCfg = Debug|Any CPU
		{48944519-8075-3C69-75D1-20A362397570}.Debug|Any CPU.Build.0 = Debug|Any CPU
		{48944519-8075-3C69-75D1-20A362397570}.Release|Any CPU.ActiveCfg = Release|Any CPU
		{48944519-8075-3C69-75D1-20A362397570}.Release|Any CPU.Build.0 = Release|Any CPU
		{95B90807-1188-D276-339C-417DB46541D9}.Debug|Any CPU.ActiveCfg = Debug|Any CPU
		{95B90807-1188-D276-339C-417DB46541D9}.Debug|Any CPU.Build.0 = Debug|Any CPU
		{95B90807-1188-D276-339C-417DB46541D9}.Release|Any CPU.ActiveCfg = Release|Any CPU
		{95B90807-1188-D276-339C-417DB46541D9}.Release|Any CPU.Build.0 = Release|Any CPU
		{90884AB5-E4E2-E06A-F738-0B4A063B6F6F}.Debug|Any CPU.ActiveCfg = Debug|Any CPU
		{90884AB5-E4E2-E06A-F738-0B4A063B6F6F}.Debug|Any CPU.Build.0 = Debug|Any CPU
		{90884AB5-E4E2-E06A-F738-0B4A063B6F6F}.Release|Any CPU.ActiveCfg = Release|Any CPU
		{90884AB5-E4E2-E06A-F738-0B4A063B6F6F}.Release|Any CPU.Build.0 = Release|Any CPU
		{8A89E1F9-ECB3-76FD-0FD8-A4F0E0582D28}.Debug|Any CPU.ActiveCfg = Debug|Any CPU
		{8A89E1F9-ECB3-76FD-0FD8-A4F0E0582D28}.Debug|Any CPU.Build.0 = Debug|Any CPU
		{8A89E1F9-ECB3-76FD-0FD8-A4F0E0582D28}.Release|Any CPU.ActiveCfg = Release|Any CPU
		{8A89E1F9-ECB3-76FD-0FD8-A4F0E0582D28}.Release|Any CPU.Build.0 = Release|Any CPU
		{F69EB156-D2DE-C067-DCC3-9B567A3596F6}.Debug|Any CPU.ActiveCfg = Debug|Any CPU
		{F69EB156-D2DE-C067-DCC3-9B567A3596F6}.Debug|Any CPU.Build.0 = Debug|Any CPU
		{F69EB156-D2DE-C067-DCC3-9B567A3596F6}.Release|Any CPU.ActiveCfg = Release|Any CPU
		{F69EB156-D2DE-C067-DCC3-9B567A3596F6}.Release|Any CPU.Build.0 = Release|Any CPU
		{FBC386A0-261C-47F0-8B7E-BBB7C9089F69}.Debug|Any CPU.ActiveCfg = Debug|Any CPU
		{FBC386A0-261C-47F0-8B7E-BBB7C9089F69}.Debug|Any CPU.Build.0 = Debug|Any CPU
		{FBC386A0-261C-47F0-8B7E-BBB7C9089F69}.Release|Any CPU.ActiveCfg = Release|Any CPU
		{FBC386A0-261C-47F0-8B7E-BBB7C9089F69}.Release|Any CPU.Build.0 = Release|Any CPU
		{875246F3-89EF-F901-D7B6-B0D9EA6847DB}.Debug|Any CPU.ActiveCfg = Debug|Any CPU
		{875246F3-89EF-F901-D7B6-B0D9EA6847DB}.Debug|Any CPU.Build.0 = Debug|Any CPU
		{875246F3-89EF-F901-D7B6-B0D9EA6847DB}.Release|Any CPU.ActiveCfg = Release|Any CPU
		{875246F3-89EF-F901-D7B6-B0D9EA6847DB}.Release|Any CPU.Build.0 = Release|Any CPU
		{57CC7556-64EB-2C88-38FD-A55125A15856}.Debug|Any CPU.ActiveCfg = Debug|Any CPU
		{57CC7556-64EB-2C88-38FD-A55125A15856}.Debug|Any CPU.Build.0 = Debug|Any CPU
		{57CC7556-64EB-2C88-38FD-A55125A15856}.Release|Any CPU.ActiveCfg = Release|Any CPU
		{57CC7556-64EB-2C88-38FD-A55125A15856}.Release|Any CPU.Build.0 = Release|Any CPU
		{796B8E93-EB14-813E-375A-49CA95C5980F}.Debug|Any CPU.ActiveCfg = Debug|Any CPU
		{796B8E93-EB14-813E-375A-49CA95C5980F}.Debug|Any CPU.Build.0 = Debug|Any CPU
		{796B8E93-EB14-813E-375A-49CA95C5980F}.Release|Any CPU.ActiveCfg = Release|Any CPU
		{796B8E93-EB14-813E-375A-49CA95C5980F}.Release|Any CPU.Build.0 = Release|Any CPU
	EndGlobalSection
	GlobalSection(SolutionProperties) = preSolution
		HideSolutionNode = FALSE
	EndGlobalSection
EndGlobal
