
Microsoft Visual Studio Solution File, Format Version 12.00
# Visual Studio 15
Project("{FAE04EC0-301F-11D3-BF4B-00C04F79EFBC}") = "Assembly-CSharp", "Assembly-CSharp.csproj", "{88F1FD84-D165-1A18-A725-BBCD472AFC7A}"
EndProject
Project("{FAE04EC0-301F-11D3-BF4B-00C04F79EFBC}") = "spine-unity-examples", "spine-unity-examples.csproj", "{F23A17E5-9D0A-7B2D-8E41-CADD66796994}"
EndProject
Project("{FAE04EC0-301F-11D3-BF4B-00C04F79EFBC}") = "spine-unity", "spine-unity.csproj", "{FB1FDF51-C3E6-F846-D529-04D3322F6A38}"
EndProject
Project("{FAE04EC0-301F-11D3-BF4B-00C04F79EFBC}") = "ToonyColorsPro2.Demo", "ToonyColorsPro2.Demo.csproj", "{41FE736D-BE6A-C14B-1EE9-44725FC6D417}"
EndProject
Project("{FAE04EC0-301F-11D3-BF4B-00C04F79EFBC}") = "spine-csharp", "spine-csharp.csproj", "{E53D6F17-5F9D-B935-1E30-9B42D7B7CBFE}"
EndProject
Project("{FAE04EC0-301F-11D3-BF4B-00C04F79EFBC}") = "ToonyColorsPro.Runtime", "ToonyColorsPro.Runtime.csproj", "{C3E66B2E-17BC-2D21-9A80-ADFB1B54BC5C}"
EndProject
Project("{FAE04EC0-301F-11D3-BF4B-00C04F79EFBC}") = "RuntimeTestAssembly", "RuntimeTestAssembly.csproj", "{A55BF743-12AC-42DD-9DE5-90B65F9CC29D}"
EndProject
Project("{FAE04EC0-301F-11D3-BF4B-00C04F79EFBC}") = "NonConvexCollider", "NonConvexCollider.csproj", "{C0498F65-0FD6-0528-C0F4-94815BF60103}"
EndProject
Project("{FAE04EC0-301F-11D3-BF4B-00C04F79EFBC}") = "Wx", "Wx.csproj", "{5CE6AAE5-DF7C-5558-4EBD-4A628C56CF57}"
EndProject
Project("{FAE04EC0-301F-11D3-BF4B-00C04F79EFBC}") = "KinoBloom.Runtime", "KinoBloom.Runtime.csproj", "{E2FD3FC4-8607-9127-EE98-133B180A4BBB}"
EndProject
Project("{FAE04EC0-301F-11D3-BF4B-00C04F79EFBC}") = "NonConvexColliderRuntimeAPI", "NonConvexColliderRuntimeAPI.csproj", "{7B85942B-B8BF-D952-7687-6B90D4A80E0C}"
EndProject
Project("{FAE04EC0-301F-11D3-BF4B-00C04F79EFBC}") = "ToonyColorsPro.Editor", "ToonyColorsPro.Editor.csproj", "{635E7D68-4755-7559-3A8E-04017F25DFBF}"
EndProject
Project("{FAE04EC0-301F-11D3-BF4B-00C04F79EFBC}") = "WxEditor", "WxEditor.csproj", "{ABA15746-0C3A-7CFC-9DC2-55CBD7F71008}"
EndProject
Project("{FAE04EC0-301F-11D3-BF4B-00C04F79EFBC}") = "spine-unity-editor", "spine-unity-editor.csproj", "{5D718490-ECC6-17E4-561F-4D38D1B67317}"
EndProject
Project("{FAE04EC0-301F-11D3-BF4B-00C04F79EFBC}") = "Assembly-CSharp-Editor", "Assembly-CSharp-Editor.csproj", "{A6CFEDA1-62FB-78FA-7C98-E6EFDE767922}"
EndProject
Project("{FAE04EC0-301F-11D3-BF4B-00C04F79EFBC}") = "NonConvexEditor", "NonConvexEditor.csproj", "{422F7597-D255-893A-8CCE-B877647DF4D1}"
EndProject
Project("{FAE04EC0-301F-11D3-BF4B-00C04F79EFBC}") = "spine-unity-examples-editor", "spine-unity-examples-editor.csproj", "{367B4360-F4F9-D07C-1350-5093B5BB691B}"
EndProject
Project("{FAE04EC0-301F-11D3-BF4B-00C04F79EFBC}") = "ToonyColorsPro.Demo.Editor", "ToonyColorsPro.Demo.Editor.csproj", "{BF4D460A-7AAD-0C32-79AA-1ACB0E5DA936}"
EndProject
Global
	GlobalSection(SolutionConfigurationPlatforms) = preSolution
		Debug|Any CPU = Debug|Any CPU
		Release|Any CPU = Release|Any CPU
	EndGlobalSection
	GlobalSection(ProjectConfigurationPlatforms) = postSolution
		{88F1FD84-D165-1A18-A725-BBCD472AFC7A}.Debug|Any CPU.ActiveCfg = Debug|Any CPU
		{88F1FD84-D165-1A18-A725-BBCD472AFC7A}.Debug|Any CPU.Build.0 = Debug|Any CPU
		{88F1FD84-D165-1A18-A725-BBCD472AFC7A}.Release|Any CPU.ActiveCfg = Release|Any CPU
		{88F1FD84-D165-1A18-A725-BBCD472AFC7A}.Release|Any CPU.Build.0 = Release|Any CPU
		{F23A17E5-9D0A-7B2D-8E41-CADD66796994}.Debug|Any CPU.ActiveCfg = Debug|Any CPU
		{F23A17E5-9D0A-7B2D-8E41-CADD66796994}.Debug|Any CPU.Build.0 = Debug|Any CPU
		{F23A17E5-9D0A-7B2D-8E41-CADD66796994}.Release|Any CPU.ActiveCfg = Release|Any CPU
		{F23A17E5-9D0A-7B2D-8E41-CADD66796994}.Release|Any CPU.Build.0 = Release|Any CPU
		{FB1FDF51-C3E6-F846-D529-04D3322F6A38}.Debug|Any CPU.ActiveCfg = Debug|Any CPU
		{FB1FDF51-C3E6-F846-D529-04D3322F6A38}.Debug|Any CPU.Build.0 = Debug|Any CPU
		{FB1FDF51-C3E6-F846-D529-04D3322F6A38}.Release|Any CPU.ActiveCfg = Release|Any CPU
		{FB1FDF51-C3E6-F846-D529-04D3322F6A38}.Release|Any CPU.Build.0 = Release|Any CPU
		{41FE736D-BE6A-C14B-1EE9-44725FC6D417}.Debug|Any CPU.ActiveCfg = Debug|Any CPU
		{41FE736D-BE6A-C14B-1EE9-44725FC6D417}.Debug|Any CPU.Build.0 = Debug|Any CPU
		{41FE736D-BE6A-C14B-1EE9-44725FC6D417}.Release|Any CPU.ActiveCfg = Release|Any CPU
		{41FE736D-BE6A-C14B-1EE9-44725FC6D417}.Release|Any CPU.Build.0 = Release|Any CPU
		{E53D6F17-5F9D-B935-1E30-9B42D7B7CBFE}.Debug|Any CPU.ActiveCfg = Debug|Any CPU
		{E53D6F17-5F9D-B935-1E30-9B42D7B7CBFE}.Debug|Any CPU.Build.0 = Debug|Any CPU
		{E53D6F17-5F9D-B935-1E30-9B42D7B7CBFE}.Release|Any CPU.ActiveCfg = Release|Any CPU
		{E53D6F17-5F9D-B935-1E30-9B42D7B7CBFE}.Release|Any CPU.Build.0 = Release|Any CPU
		{C3E66B2E-17BC-2D21-9A80-ADFB1B54BC5C}.Debug|Any CPU.ActiveCfg = Debug|Any CPU
		{C3E66B2E-17BC-2D21-9A80-ADFB1B54BC5C}.Debug|Any CPU.Build.0 = Debug|Any CPU
		{C3E66B2E-17BC-2D21-9A80-ADFB1B54BC5C}.Release|Any CPU.ActiveCfg = Release|Any CPU
		{C3E66B2E-17BC-2D21-9A80-ADFB1B54BC5C}.Release|Any CPU.Build.0 = Release|Any CPU
		{A55BF743-12AC-42DD-9DE5-90B65F9CC29D}.Debug|Any CPU.ActiveCfg = Debug|Any CPU
		{A55BF743-12AC-42DD-9DE5-90B65F9CC29D}.Debug|Any CPU.Build.0 = Debug|Any CPU
		{A55BF743-12AC-42DD-9DE5-90B65F9CC29D}.Release|Any CPU.ActiveCfg = Release|Any CPU
		{A55BF743-12AC-42DD-9DE5-90B65F9CC29D}.Release|Any CPU.Build.0 = Release|Any CPU
		{C0498F65-0FD6-0528-C0F4-94815BF60103}.Debug|Any CPU.ActiveCfg = Debug|Any CPU
		{C0498F65-0FD6-0528-C0F4-94815BF60103}.Debug|Any CPU.Build.0 = Debug|Any CPU
		{C0498F65-0FD6-0528-C0F4-94815BF60103}.Release|Any CPU.ActiveCfg = Release|Any CPU
		{C0498F65-0FD6-0528-C0F4-94815BF60103}.Release|Any CPU.Build.0 = Release|Any CPU
		{5CE6AAE5-DF7C-5558-4EBD-4A628C56CF57}.Debug|Any CPU.ActiveCfg = Debug|Any CPU
		{5CE6AAE5-DF7C-5558-4EBD-4A628C56CF57}.Debug|Any CPU.Build.0 = Debug|Any CPU
		{5CE6AAE5-DF7C-5558-4EBD-4A628C56CF57}.Release|Any CPU.ActiveCfg = Release|Any CPU
		{5CE6AAE5-DF7C-5558-4EBD-4A628C56CF57}.Release|Any CPU.Build.0 = Release|Any CPU
		{E2FD3FC4-8607-9127-EE98-133B180A4BBB}.Debug|Any CPU.ActiveCfg = Debug|Any CPU
		{E2FD3FC4-8607-9127-EE98-133B180A4BBB}.Debug|Any CPU.Build.0 = Debug|Any CPU
		{E2FD3FC4-8607-9127-EE98-133B180A4BBB}.Release|Any CPU.ActiveCfg = Release|Any CPU
		{E2FD3FC4-8607-9127-EE98-133B180A4BBB}.Release|Any CPU.Build.0 = Release|Any CPU
		{7B85942B-B8BF-D952-7687-6B90D4A80E0C}.Debug|Any CPU.ActiveCfg = Debug|Any CPU
		{7B85942B-B8BF-D952-7687-6B90D4A80E0C}.Debug|Any CPU.Build.0 = Debug|Any CPU
		{7B85942B-B8BF-D952-7687-6B90D4A80E0C}.Release|Any CPU.ActiveCfg = Release|Any CPU
		{7B85942B-B8BF-D952-7687-6B90D4A80E0C}.Release|Any CPU.Build.0 = Release|Any CPU
		{635E7D68-4755-7559-3A8E-04017F25DFBF}.Debug|Any CPU.ActiveCfg = Debug|Any CPU
		{635E7D68-4755-7559-3A8E-04017F25DFBF}.Debug|Any CPU.Build.0 = Debug|Any CPU
		{635E7D68-4755-7559-3A8E-04017F25DFBF}.Release|Any CPU.ActiveCfg = Release|Any CPU
		{635E7D68-4755-7559-3A8E-04017F25DFBF}.Release|Any CPU.Build.0 = Release|Any CPU
		{ABA15746-0C3A-7CFC-9DC2-55CBD7F71008}.Debug|Any CPU.ActiveCfg = Debug|Any CPU
		{ABA15746-0C3A-7CFC-9DC2-55CBD7F71008}.Debug|Any CPU.Build.0 = Debug|Any CPU
		{ABA15746-0C3A-7CFC-9DC2-55CBD7F71008}.Release|Any CPU.ActiveCfg = Release|Any CPU
		{ABA15746-0C3A-7CFC-9DC2-55CBD7F71008}.Release|Any CPU.Build.0 = Release|Any CPU
		{5D718490-ECC6-17E4-561F-4D38D1B67317}.Debug|Any CPU.ActiveCfg = Debug|Any CPU
		{5D718490-ECC6-17E4-561F-4D38D1B67317}.Debug|Any CPU.Build.0 = Debug|Any CPU
		{5D718490-ECC6-17E4-561F-4D38D1B67317}.Release|Any CPU.ActiveCfg = Release|Any CPU
		{5D718490-ECC6-17E4-561F-4D38D1B67317}.Release|Any CPU.Build.0 = Release|Any CPU
		{A6CFEDA1-62FB-78FA-7C98-E6EFDE767922}.Debug|Any CPU.ActiveCfg = Debug|Any CPU
		{A6CFEDA1-62FB-78FA-7C98-E6EFDE767922}.Debug|Any CPU.Build.0 = Debug|Any CPU
		{A6CFEDA1-62FB-78FA-7C98-E6EFDE767922}.Release|Any CPU.ActiveCfg = Release|Any CPU
		{A6CFEDA1-62FB-78FA-7C98-E6EFDE767922}.Release|Any CPU.Build.0 = Release|Any CPU
		{422F7597-D255-893A-8CCE-B877647DF4D1}.Debug|Any CPU.ActiveCfg = Debug|Any CPU
		{422F7597-D255-893A-8CCE-B877647DF4D1}.Debug|Any CPU.Build.0 = Debug|Any CPU
		{422F7597-D255-893A-8CCE-B877647DF4D1}.Release|Any CPU.ActiveCfg = Release|Any CPU
		{422F7597-D255-893A-8CCE-B877647DF4D1}.Release|Any CPU.Build.0 = Release|Any CPU
		{367B4360-F4F9-D07C-1350-5093B5BB691B}.Debug|Any CPU.ActiveCfg = Debug|Any CPU
		{367B4360-F4F9-D07C-1350-5093B5BB691B}.Debug|Any CPU.Build.0 = Debug|Any CPU
		{367B4360-F4F9-D07C-1350-5093B5BB691B}.Release|Any CPU.ActiveCfg = Release|Any CPU
		{367B4360-F4F9-D07C-1350-5093B5BB691B}.Release|Any CPU.Build.0 = Release|Any CPU
		{BF4D460A-7AAD-0C32-79AA-1ACB0E5DA936}.Debug|Any CPU.ActiveCfg = Debug|Any CPU
		{BF4D460A-7AAD-0C32-79AA-1ACB0E5DA936}.Debug|Any CPU.Build.0 = Debug|Any CPU
		{BF4D460A-7AAD-0C32-79AA-1ACB0E5DA936}.Release|Any CPU.ActiveCfg = Release|Any CPU
		{BF4D460A-7AAD-0C32-79AA-1ACB0E5DA936}.Release|Any CPU.Build.0 = Release|Any CPU
	EndGlobalSection
	GlobalSection(SolutionProperties) = preSolution
		HideSolutionNode = FALSE
	EndGlobalSection
EndGlobal
